
Microsoft Visual Studio Solution File, Format Version 12.00
# Visual Studio Version 16
VisualStudioVersion = 16.0.30517.126
MinimumVisualStudioVersion = 10.0.40219.1
Project("{FAE04EC0-301F-11D3-BF4B-00C04F79EFBC}") = "WhileLoop", "WhileLoop\WhileLoop.csproj", "{D2FFA152-F738-44A0-9D4D-0804AFDA5E97}"
EndProject
Project("{FAE04EC0-301F-11D3-BF4B-00C04F79EFBC}") = "LoopActive", "LoopActive\LoopActive.csproj", "{B1A85600-DD48-4591-BF39-46B2FD994A08}"
EndProject
Project("{FAE04EC0-301F-11D3-BF4B-00C04F79EFBC}") = "PinValidationthree", "PinValidationthree\PinValidationthree.csproj", "{B64EACCD-AB35-44D7-ABE9-31CE2363FADB}"
EndProject
Project("{FAE04EC0-301F-11D3-BF4B-00C04F79EFBC}") = "LoginValidation", "LoginValidation\LoginValidation.csproj", "{AF7E54A4-AF5C-4A92-AB3C-AB924A2B9282}"
EndProject
Global
	GlobalSection(SolutionConfigurationPlatforms) = preSolution
		Debug|Any CPU = Debug|Any CPU
		Release|Any CPU = Release|Any CPU
	EndGlobalSection
	GlobalSection(ProjectConfigurationPlatforms) = postSolution
		{D2FFA152-F738-44A0-9D4D-0804AFDA5E97}.Debug|Any CPU.ActiveCfg = Debug|Any CPU
		{D2FFA152-F738-44A0-9D4D-0804AFDA5E97}.Debug|Any CPU.Build.0 = Debug|Any CPU
		{D2FFA152-F738-44A0-9D4D-0804AFDA5E97}.Release|Any CPU.ActiveCfg = Release|Any CPU
		{D2FFA152-F738-44A0-9D4D-0804AFDA5E97}.Release|Any CPU.Build.0 = Release|Any CPU
		{B1A85600-DD48-4591-BF39-46B2FD994A08}.Debug|Any CPU.ActiveCfg = Debug|Any CPU
		{B1A85600-DD48-4591-BF39-46B2FD994A08}.Debug|Any CPU.Build.0 = Debug|Any CPU
		{B1A85600-DD48-4591-BF39-46B2FD994A08}.Release|Any CPU.ActiveCfg = Release|Any CPU
		{B1A85600-DD48-4591-BF39-46B2FD994A08}.Release|Any CPU.Build.0 = Release|Any CPU
		{B64EACCD-AB35-44D7-ABE9-31CE2363FADB}.Debug|Any CPU.ActiveCfg = Debug|Any CPU
		{B64EACCD-AB35-44D7-ABE9-31CE2363FADB}.Debug|Any CPU.Build.0 = Debug|Any CPU
		{B64EACCD-AB35-44D7-ABE9-31CE2363FADB}.Release|Any CPU.ActiveCfg = Release|Any CPU
		{B64EACCD-AB35-44D7-ABE9-31CE2363FADB}.Release|Any CPU.Build.0 = Release|Any CPU
		{AF7E54A4-AF5C-4A92-AB3C-AB924A2B9282}.Debug|Any CPU.ActiveCfg = Debug|Any CPU
		{AF7E54A4-AF5C-4A92-AB3C-AB924A2B9282}.Debug|Any CPU.Build.0 = Debug|Any CPU
		{AF7E54A4-AF5C-4A92-AB3C-AB924A2B9282}.Release|Any CPU.ActiveCfg = Release|Any CPU
		{AF7E54A4-AF5C-4A92-AB3C-AB924A2B9282}.Release|Any CPU.Build.0 = Release|Any CPU
	EndGlobalSection
	GlobalSection(SolutionProperties) = preSolution
		HideSolutionNode = FALSE
	EndGlobalSection
	GlobalSection(ExtensibilityGlobals) = postSolution
		SolutionGuid = {CEB37667-7847-470E-BE7A-2A38B56C528D}
	EndGlobalSection
EndGlobal
